Microsoft Visual Studio Solution File, Format Version 11.00
# Visual Studio 2008

Project("{98AD4513-269B-5CCB-5A26-807677EE50AC}") = "Project-ROB", "Assembly-CSharp-firstpass.csproj", "{3DB9FED8-9112-A13F-3C68-174853270159}"
EndProject
Project("{98AD4513-269B-5CCB-5A26-807677EE50AC}") = "Project-ROB", "Assembly-CSharp.csproj", "{4D7435A6-7BF4-78EB-B325-6EEE213AAE6D}"
EndProject
Project("{98AD4513-269B-5CCB-5A26-807677EE50AC}") = "Project-ROB", "Assembly-UnityScript-firstpass.unityproj", "{0285E164-B892-0B75-FC9A-55B380E3AE00}"
EndProject
Project("{98AD4513-269B-5CCB-5A26-807677EE50AC}") = "Project-ROB", "Assembly-UnityScript.unityproj", "{11F5989D-AE22-5BA2-DBEC-B8B0D1DE9D6C}"
EndProject
Global
	GlobalSection(SolutionConfigurationPlatforms) = preSolution
		Debug|Any CPU = Debug|Any CPU
		Release|Any CPU = Release|Any CPU
	EndGlobalSection
	GlobalSection(ProjectConfigurationPlatforms) = postSolution
		{3DB9FED8-9112-A13F-3C68-174853270159}.Debug|Any CPU.ActiveCfg = Debug|Any CPU
		{3DB9FED8-9112-A13F-3C68-174853270159}.Debug|Any CPU.Build.0 = Debug|Any CPU
		{3DB9FED8-9112-A13F-3C68-174853270159}.Release|Any CPU.ActiveCfg = Release|Any CPU
		{3DB9FED8-9112-A13F-3C68-174853270159}.Release|Any CPU.Build.0 = Release|Any CPU
		{4D7435A6-7BF4-78EB-B325-6EEE213AAE6D}.Debug|Any CPU.ActiveCfg = Debug|Any CPU
		{4D7435A6-7BF4-78EB-B325-6EEE213AAE6D}.Debug|Any CPU.Build.0 = Debug|Any CPU
		{4D7435A6-7BF4-78EB-B325-6EEE213AAE6D}.Release|Any CPU.ActiveCfg = Release|Any CPU
		{4D7435A6-7BF4-78EB-B325-6EEE213AAE6D}.Release|Any CPU.Build.0 = Release|Any CPU
		{0285E164-B892-0B75-FC9A-55B380E3AE00}.Debug|Any CPU.ActiveCfg = Debug|Any CPU
		{0285E164-B892-0B75-FC9A-55B380E3AE00}.Debug|Any CPU.Build.0 = Debug|Any CPU
		{0285E164-B892-0B75-FC9A-55B380E3AE00}.Release|Any CPU.ActiveCfg = Release|Any CPU
		{0285E164-B892-0B75-FC9A-55B380E3AE00}.Release|Any CPU.Build.0 = Release|Any CPU
		{11F5989D-AE22-5BA2-DBEC-B8B0D1DE9D6C}.Debug|Any CPU.ActiveCfg = Debug|Any CPU
		{11F5989D-AE22-5BA2-DBEC-B8B0D1DE9D6C}.Debug|Any CPU.Build.0 = Debug|Any CPU
		{11F5989D-AE22-5BA2-DBEC-B8B0D1DE9D6C}.Release|Any CPU.ActiveCfg = Release|Any CPU
		{11F5989D-AE22-5BA2-DBEC-B8B0D1DE9D6C}.Release|Any CPU.Build.0 = Release|Any CPU
	EndGlobalSection
	GlobalSection(SolutionProperties) = preSolution
		HideSolutionNode = FALSE
	EndGlobalSection
																																										GlobalSection(MonoDevelopProperties) = preSolution
		StartupItem = Assembly-CSharp.csproj
		Policies = $0
		$0.TextStylePolicy = $1
		$1.inheritsSet = null
		$1.scope = text/x-csharp
		$0.CSharpFormattingPolicy = $2
		$2.inheritsSet = Mono
		$2.inheritsScope = text/x-csharp
		$2.scope = text/x-csharp
		$0.TextStylePolicy = $3
		$3.FileWidth = 120
		$3.TabWidth = 4
		$3.EolMarker = Unix
		$3.inheritsSet = Mono
		$3.inheritsScope = text/plain
		$3.scope = text/plain
	EndGlobalSection

EndGlobal
